{
  "name": "cloud-os-single",
  "version": "1.0.0",
  "lockfileVersion": 1,
  "requires": true,
  "dependencies": {
    "@babel/runtime": {
      "version": "7.14.6",
      "resolved": "https://registry.npmjs.org/@babel/runtime/-/runtime-7.14.6.tgz",
      "integrity": "sha512-/PCB2uJ7oM44tz8YhC4Z/6PeOKXp4K588f+5M3clr1M4zbqztlo0XEfJ2LEzj/FgwfgGcIdl8n7YYjTCI0BYwg==",
      "requires": {
        "regenerator-runtime": "^0.13.4"
      }
    },
    "import-html-entry": {
      "version": "1.11.1",
      "resolved": "https://registry.npmjs.org/import-html-entry/-/import-html-entry-1.11.1.tgz",
      "integrity": "sha512-O7mCUTwKdYU49/LH6nq1adWPnUlZQpKeGWIEcDq07KTcqP/v0jBLEIVc0oE0Mtlw3CEe0eeKGMyhl6LwfXCV7A==",
      "requires": {
        "@babel/runtime": "^7.7.2"
      }
    },
    "lodash": {
      "version": "4.17.21",
      "resolved": "https://registry.npmjs.org/lodash/-/lodash-4.17.21.tgz",
      "integrity": "sha512-v2kDEe57lecTulaDIuNTPy3Ry4gLGJ6Z1O3vE1krgXZNrsQ+LFTGHVxVjcXPs17LhbZVGedAJv8XZ1tvj5FvSg=="
    },
    "qiankun": {
      "version": "2.4.2",
      "resolved": "https://registry.npmjs.org/qiankun/-/qiankun-2.4.2.tgz",
      "integrity": "sha512-TWkeybGnuqEcyc2abMkfO6IOrsDuO16/ojVaQ/uDper1/uMyxn+aYl/cJkgw/JGJBLM+zFZtcwrB2Yz0PaRqOg==",
      "requires": {
        "@babel/runtime": "^7.10.5",
        "import-html-entry": "^1.9.0",
        "lodash": "^4.17.11",
        "single-spa": "^5.9.2",
        "tslib": "^1.10.0"
      }
    },
    "regenerator-runtime": {
      "version": "0.13.7",
      "resolved": "https://registry.npmjs.org/regenerator-runtime/-/regenerator-runtime-0.13.7.tgz",
      "integrity": "sha512-a54FxoJDIr27pgf7IgeQGxmqUNYrcV338lf/6gH456HZ/PhX+5BcwHXG9ajESmwe6WRO0tAzRUrRmNONWgkrew=="
    },
    "single-spa": {
      "version": "5.9.3",
      "resolved": "https://registry.npmjs.org/single-spa/-/single-spa-5.9.3.tgz",
      "integrity": "sha512-qMGraRzIBsodV6569Fob4cQ4/yQNrcZ5Achh3SAQDljmqUtjAZ7BAA7GAyO/l5eizb7GtTmVq9Di7ORyKw82CQ=="
    },
    "tslib": {
      "version": "1.14.1",
      "resolved": "https://registry.npmjs.org/tslib/-/tslib-1.14.1.tgz",
      "integrity": "sha512-Xni35NKzjgMrwevysHTCArtLDpPvye8zV/0E4EyYn43P7/7qvQwPh9BGkHewbMulVntbigmcT7rdX3BNo9wRJg=="
    }
  }
}
