{
  "requires": true,
  "lockfileVersion": 1,
  "dependencies": {
    "v-clipboard": {
      "version": "2.2.3",
      "resolved": "https://registry.npmjs.org/v-clipboard/-/v-clipboard-2.2.3.tgz",
      "integrity": "sha512-Wg+ObZoYK6McHb5OOCFWvm0R7xHp0/p0G1ocx/8bO22jvA/yVY05rADbfiztwCokXBNfQuGv/XSd1ozcTFgekw=="
    }
  }
}
